
Microsoft Visual Studio Solution File, Format Version 12.00
# Visual Studio Version 17
VisualStudioVersion = 17.4.33213.308
MinimumVisualStudioVersion = 10.0.40219.1
Project("{FAE04EC0-301F-11D3-BF4B-00C04F79EFBC}") = "GerberView", "GerberView\GerberView.csproj", "{02F62474-F2DD-4637-B909-57DA5BC81999}"
	ProjectSection(ProjectDependencies) = postProject
		{87382E7B-8D32-4DD7-8878-AE625F314695} = {87382E7B-8D32-4DD7-8878-AE625F314695}
	EndProjectSection
EndProject
Project("{FAE04EC0-301F-11D3-BF4B-00C04F79EFBC}") = "GerberVS", "LibGerberVS\GerberVS.csproj", "{87382E7B-8D32-4DD7-8878-AE625F314695}"
EndProject
Project("{FAE04EC0-301F-11D3-BF4B-00C04F79EFBC}") = "IsoCnc", "IsoCnc\IsoCnc.csproj", "{F056E95D-B247-4DA0-8D87-E5A3FF3A3A9A}"
EndProject
Global
	GlobalSection(SolutionConfigurationPlatforms) = preSolution
		Debug|Any CPU = Debug|Any CPU
		Release|Any CPU = Release|Any CPU
	EndGlobalSection
	GlobalSection(ProjectConfigurationPlatforms) = postSolution
		{02F62474-F2DD-4637-B909-57DA5BC81999}.Debug|Any CPU.ActiveCfg = Debug|Any CPU
		{02F62474-F2DD-4637-B909-57DA5BC81999}.Debug|Any CPU.Build.0 = Debug|Any CPU
		{02F62474-F2DD-4637-B909-57DA5BC81999}.Release|Any CPU.ActiveCfg = Release|Any CPU
		{02F62474-F2DD-4637-B909-57DA5BC81999}.Release|Any CPU.Build.0 = Release|Any CPU
		{87382E7B-8D32-4DD7-8878-AE625F314695}.Debug|Any CPU.ActiveCfg = Debug|Any CPU
		{87382E7B-8D32-4DD7-8878-AE625F314695}.Debug|Any CPU.Build.0 = Debug|Any CPU
		{87382E7B-8D32-4DD7-8878-AE625F314695}.Release|Any CPU.ActiveCfg = Release|Any CPU
		{87382E7B-8D32-4DD7-8878-AE625F314695}.Release|Any CPU.Build.0 = Release|Any CPU
		{F056E95D-B247-4DA0-8D87-E5A3FF3A3A9A}.Debug|Any CPU.ActiveCfg = Debug|Any CPU
		{F056E95D-B247-4DA0-8D87-E5A3FF3A3A9A}.Debug|Any CPU.Build.0 = Debug|Any CPU
		{F056E95D-B247-4DA0-8D87-E5A3FF3A3A9A}.Release|Any CPU.ActiveCfg = Release|Any CPU
		{F056E95D-B247-4DA0-8D87-E5A3FF3A3A9A}.Release|Any CPU.Build.0 = Release|Any CPU
	EndGlobalSection
	GlobalSection(SolutionProperties) = preSolution
		HideSolutionNode = FALSE
	EndGlobalSection
	GlobalSection(ExtensibilityGlobals) = postSolution
		SolutionGuid = {D6B40394-78B6-41F3-BEF3-FC0F5133DEE7}
	EndGlobalSection
EndGlobal
